// !$*UTF8*$!
{
	archiveVersion = 1;
	classes = {
	};
	objectVersion = 42;
	objects = {

/* Begin PBXGroup section */
		B9FC768D1227040600CF124B = {
			isa = PBXGroup;
			children = (
			);
			sourceTree = "<group>";
		};
/* End PBXGroup section */

/* Begin PBXProject section */
		B9FC768F1227040600CF124B /* Project object */ = {
			isa = PBXProject;
			buildConfigurationList = B9FC76921227040600CF124B /* Build configuration list for PBXProject "gx" */;
			compatibilityVersion = "Xcode 2.4";
			hasScannedForEncodings = 0;
			mainGroup = B9FC768D1227040600CF124B;
			projectDirPath = "";
			projectRoot = "";
			targets = (
			);
		};
/* End PBXProject section */

/* Begin XCBuildConfiguration section */
		B9FC76901227040600CF124B /* Debug */ = {
			isa = XCBuildConfiguration;
			buildSettings = {
				COPY_PHASE_STRIP = NO;
			};
			name = Debug;
		};
		B9FC76911227040600CF124B /* Release */ = {
			isa = XCBuildConfiguration;
			buildSettings = {
				COPY_PHASE_STRIP = YES;
			};
			name = Release;
		};
/* End XCBuildConfiguration section */

/* Begin XCConfigurationList section */
		B9FC76921227040600CF124B /* Build configuration list for PBXProject "gx" */ = {
			isa = XCConfigurationList;
			buildConfigurations = (
				B9FC76901227040600CF124B /* Debug */,
				B9FC76911227040600CF124B /* Release */,
			);
			defaultConfigurationIsVisible = 0;
			defaultConfigurationName = Release;
		};
/* End XCConfigurationList section */
	};
	rootObject = B9FC768F1227040600CF124B /* Project object */;
}
